lockfileVersion: 5.3

specifiers:
  vue: 2.6.10
  vue-template-compiler: 2.6.10

devDependencies:
  vue: 2.6.10
  vue-template-compiler: 2.6.10

packages:

  /de-indent/1.0.2:
    resolution: {integrity: sha1-sgOOhG3DO6pXlhKNCAS0VbjB4h0=}
    dev: true

  /he/1.2.0:
    resolution: {integrity: sha512-F/1DnUGPopORZi0ni+CvrCgHQ5FyEAHRLSApuYWMmrbSwoN2Mn/7k+Gl38gJnR7yyDZk6WLXwiGod1JOWNDKGw==}
    hasBin: true
    dev: true

  /vue-template-compiler/2.6.10:
    resolution: {integrity: sha512-jVZkw4/I/HT5ZMvRnhv78okGusqe0+qH2A0Em0Cp8aq78+NK9TII263CDVz2QXZsIT+yyV/gZc/j/vlwa+Epyg==}
    dependencies:
      de-indent: 1.0.2
      he: 1.2.0
    dev: true

  /vue/2.6.10:
    resolution: {integrity: sha512-ImThpeNU9HbdZL3utgMCq0oiMzAkt1mcgy3/E6zWC/G6AaQoeuFdsl9nDhTDU3X1R6FK7nsIUuRACVcjI+A2GQ==}
    dev: true
