lockfileVersion: 5.3

specifiers:
  '@types/react': 17.0.37
  '@types/styled-jsx': 3.4.4
  antd: 4.17.3
  autoprefixer: 10.4.0
  axios: 0.24.0
  less: 4.1.2
  mobx: 6.3.9
  mobx-react: 7.2.1
  postcss: 8.4.5
  postcss-flexboxfixer: 0.0.5
  react: 17.0.2
  react-dom: 17.0.2
  react-loadable: 5.5.0
  react-router-dom: 6.1.1
  sass: 1.45.0
  styled-jsx: 4.0.1
  typescript: 4.5.4

dependencies:
  antd: 4.17.3_react-dom@17.0.2+react@17.0.2
  axios: 0.24.0
  mobx: 6.3.9
  mobx-react: 7.2.1_c8dbfbd16e4760b60a2fbc68638b8165
  react: 17.0.2
  react-dom: 17.0.2_react@17.0.2
  react-loadable: 5.5.0_react@17.0.2
  react-router-dom: 6.1.1_react-dom@17.0.2+react@17.0.2
  styled-jsx: 4.0.1_react@17.0.2

devDependencies:
  '@types/react': 17.0.37
  '@types/styled-jsx': 3.4.4_react@17.0.2
  autoprefixer: 10.4.0_postcss@8.4.5
  less: 4.1.2
  postcss: 8.4.5
  postcss-flexboxfixer: 0.0.5
  sass: 1.45.0
  typescript: 4.5.4

packages:

  /@ant-design/colors/6.0.0:
    resolution: {integrity: sha512-qAZRvPzfdWHtfameEGP2Qvuf838NhergR35o+EuVyB5XvSA98xod5r4utvi4TJ3ywmevm290g9nsCG5MryrdWQ==}
    dependencies:
      '@ctrl/tinycolor': 3.4.0
    dev: false

  /@ant-design/icons-svg/4.2.1:
    resolution: {integrity: sha512-EB0iwlKDGpG93hW8f85CTJTs4SvMX7tt5ceupvhALp1IF44SeUFOMhKUOYqpsoYWQKAOuTRDMqn75rEaKDp0Xw==}
    dev: false

  /@ant-design/icons/4.7.0_react-dom@17.0.2+react@17.0.2:
    resolution: {integrity: sha512-aoB4Z7JA431rt6d4u+8xcNPPCrdufSRMUOpxa1ab6mz1JCQZOEVolj2WVs/tDFmN62zzK30mNelEsprLYsSF3g==}
    engines: {node: '>=8'}
    peerDependencies:
      react: '>=16.0.0'
      react-dom: '>=16.0.0'
    dependencies:
      '@ant-design/colors': 6.0.0
      '@ant-design/icons-svg': 4.2.1
      '@babel/runtime': 7.17.2
      classnames: 2.3.1
      rc-util: 5.18.1_react-dom@17.0.2+react@17.0.2
      react: 17.0.2
      react-dom: 17.0.2_react@17.0.2
    dev: false

  /@ant-design/react-slick/0.28.4_react@17.0.2:
    resolution: {integrity: sha512-j9eAHTn7GxbXUFNknJoHS2ceAsqrQi2j8XykjZE1IXCD8kJF+t28EvhBLniDpbOsBk/3kjalnhriTfZcjBHNqg==}
    peerDependencies:
      react: '>=16.9.0'
    dependencies:
      '@babel/runtime': 7.17.2
      classnames: 2.3.1
      json2mq: 0.2.0
      lodash: 4.17.21
      react: 17.0.2
      resize-observer-polyfill: 1.5.1
    dev: false

  /@babel/helper-plugin-utils/7.16.7:
    resolution: {integrity: sha512-Qg3Nk7ZxpgMrsox6HreY1ZNKdBq7K72tDSliA6dCl5f007jR4ne8iD5UzuNnCJH2xBf2BEEVGr+/OL6Gdp7RxA==}
    engines: {node: '>=6.9.0'}

  /@babel/helper-validator-identifier/7.16.7:
    resolution: {integrity: sha512-hsEnFemeiW4D08A5gUAZxLBTXpZ39P+a+DGDsHw1yxqyQ/jzFEnxf5uTEGp+3bzAbNOxU1paTgYS4ECU/IgfDw==}
    engines: {node: '>=6.9.0'}

  /@babel/plugin-syntax-jsx/7.14.5:
    resolution: {integrity: sha512-ohuFIsOMXJnbOMRfX7/w7LocdR6R7whhuRD4ax8IipLcLPlZGJKkBxgHp++U4N/vKyU16/YDQr2f5seajD3jIw==}
    engines: {node: '>=6.9.0'}
    peerDependencies:
      '@babel/core': ^7.0.0-0
    dependencies:
      '@babel/helper-plugin-utils': 7.16.7

  /@babel/runtime/7.17.2:
    resolution: {integrity: sha512-hzeyJyMA1YGdJTuWU0e/j4wKXrU4OMFvY2MSlaI9B7VQb0r5cxTE3EAIS2Q7Tn2RIcDkRvTA/v2JsAEhxe99uw==}
    engines: {node: '>=6.9.0'}
    dependencies:
      regenerator-runtime: 0.13.9
    dev: false

  /@babel/types/7.15.0:
    resolution: {integrity: sha512-OBvfqnllOIdX4ojTHpwZbpvz4j3EWyjkZEdmjH0/cgsd6QOdSgU8rLSk6ard/pcW7rlmjdVSX/AWOaORR1uNOQ==}
    engines: {node: '>=6.9.0'}
    dependencies:
      '@babel/helper-validator-identifier': 7.16.7
      to-fast-properties: 2.0.0

  /@ctrl/tinycolor/3.4.0:
    resolution: {integrity: sha512-JZButFdZ1+/xAfpguQHoabIXkcqRRKpMrWKBkpEZZyxfY9C1DpADFB8PEqGSTeFr135SaTRfKqGKx5xSCLI7ZQ==}
    engines: {node: '>=10'}
    dev: false

  /@types/prop-types/15.7.4:
    resolution: {integrity: sha512-rZ5drC/jWjrArrS8BR6SIr4cWpW09RNTYt9AMZo3Jwwif+iacXAqgVjm0B0Bv/S1jhDXKHqRVNCbACkJ89RAnQ==}
    dev: true

  /@types/react/17.0.37:
    resolution: {integrity: sha512-2FS1oTqBGcH/s0E+CjrCCR9+JMpsu9b69RTFO+40ua43ZqP5MmQ4iUde/dMjWR909KxZwmOQIFq6AV6NjEG5xg==}
    dependencies:
      '@types/prop-types': 15.7.4
      '@types/scheduler': 0.16.2
      csstype: 3.0.10
    dev: true

  /@types/scheduler/0.16.2:
    resolution: {integrity: sha512-hppQEBDmlwhFAXKJX2KnWLYu5yMfi91yazPb2l+lbJiwW+wdo1gNeRA+3RgNSO39WYX2euey41KEwnqesU2Jew==}
    dev: true

  /@types/styled-jsx/3.4.4_react@17.0.2:
    resolution: {integrity: sha512-PRRa7gU7ske4Vs7sKWrqfKnuIIS6E/Yj5oKyxuM11AwOKhH9HlbQ7cKGLluXkOXzpEoDJE+6kQMj3AE34/JooQ==}
    deprecated: This is a stub types definition. styled-jsx provides its own type definitions, so you do not need this installed.
    dependencies:
      styled-jsx: 4.0.1_react@17.0.2
    transitivePeerDependencies:
      - '@babel/core'
      - react
    dev: true

  /ansi-regex/2.1.1:
    resolution: {integrity: sha1-w7M6te42DYbg5ijwRorn7yfWVN8=}
    engines: {node: '>=0.10.0'}
    dev: true

  /ansi-styles/2.2.1:
    resolution: {integrity: sha1-tDLdM1i2NM914eRmQ2gkBTPB3b4=}
    engines: {node: '>=0.10.0'}
    dev: true

  /antd/4.17.3_react-dom@17.0.2+react@17.0.2:
    resolution: {integrity: sha512-enA6rsOAGtw0uN+khzvPoCui9j6m1ZvtAHY2IWC/mOUIwfycC8iuToND9ptAqeNF5yX8RZhFubmcc7Xeqk6wWg==}
    peerDependencies:
      react: '>=16.9.0'
      react-dom: '>=16.9.0'
    dependencies:
      '@ant-design/colors': 6.0.0
      '@ant-design/icons': 4.7.0_react-dom@17.0.2+react@17.0.2
      '@ant-design/react-slick': 0.28.4_react@17.0.2
      '@babel/runtime': 7.17.2
      '@ctrl/tinycolor': 3.4.0
      array-tree-filter: 2.1.0
      classnames: 2.3.1
      copy-to-clipboard: 3.3.1
      lodash: 4.17.21
      memoize-one: 6.0.0
      moment: 2.29.1
      rc-cascader: 2.3.3_react-dom@17.0.2+react@17.0.2
      rc-checkbox: 2.3.2_react-dom@17.0.2+react@17.0.2
      rc-collapse: 3.1.2_react-dom@17.0.2+react@17.0.2
      rc-dialog: 8.6.0_react-dom@17.0.2+react@17.0.2
      rc-drawer: 4.4.3_react-dom@17.0.2+react@17.0.2
      rc-dropdown: 3.2.5_react-dom@17.0.2+react@17.0.2
      rc-field-form: 1.21.2_react-dom@17.0.2+react@17.0.2
      rc-image: 5.2.5_react-dom@17.0.2+react@17.0.2
      rc-input-number: 7.3.4_react-dom@17.0.2+react@17.0.2
      rc-mentions: 1.6.2_react-dom@17.0.2+react@17.0.2
      rc-menu: 9.0.14_react-dom@17.0.2+react@17.0.2
      rc-motion: 2.4.5_react-dom@17.0.2+react@17.0.2
      rc-notification: 4.5.7_react-dom@17.0.2+react@17.0.2
      rc-pagination: 3.1.15_react-dom@17.0.2+react@17.0.2
      rc-picker: 2.5.19_react-dom@17.0.2+react@17.0.2
      rc-progress: 3.1.4_react-dom@17.0.2+react@17.0.2
      rc-rate: 2.9.1_react-dom@17.0.2+react@17.0.2
      rc-resize-observer: 1.2.0_react-dom@17.0.2+react@17.0.2
      rc-select: 13.2.1_react-dom@17.0.2+react@17.0.2
      rc-slider: 9.7.5_react-dom@17.0.2+react@17.0.2
      rc-steps: 4.1.4_react-dom@17.0.2+react@17.0.2
      rc-switch: 3.2.2_react-dom@17.0.2+react@17.0.2
      rc-table: 7.19.2_react-dom@17.0.2+react@17.0.2
      rc-tabs: 11.10.7_react-dom@17.0.2+react@17.0.2
      rc-textarea: 0.3.7_react-dom@17.0.2+react@17.0.2
      rc-tooltip: 5.1.1_react-dom@17.0.2+react@17.0.2
      rc-tree: 5.3.8_react-dom@17.0.2+react@17.0.2
      rc-tree-select: 4.8.0_react-dom@17.0.2+react@17.0.2
      rc-trigger: 5.2.10_react-dom@17.0.2+react@17.0.2
      rc-upload: 4.3.3_react-dom@17.0.2+react@17.0.2
      rc-util: 5.18.1_react-dom@17.0.2+react@17.0.2
      react: 17.0.2
      react-dom: 17.0.2_react@17.0.2
      scroll-into-view-if-needed: 2.2.29
    dev: false

  /anymatch/3.1.2:
    resolution: {integrity: sha512-P43ePfOAIupkguHUycrc4qJ9kz8ZiuOUijaETwX7THt0Y/GNK7v0aa8rY816xWjZ7rJdA5XdMcpVFTKMq+RvWg==}
    engines: {node: '>= 8'}
    dependencies:
      normalize-path: 3.0.0
      picomatch: 2.3.1
    dev: true

  /array-tree-filter/2.1.0:
    resolution: {integrity: sha512-4ROwICNlNw/Hqa9v+rk5h22KjmzB1JGTMVKP2AKJBOCgb0yL0ASf0+YvCcLNNwquOHNX48jkeZIJ3a+oOQqKcw==}
    dev: false

  /async-validator/4.0.7:
    resolution: {integrity: sha512-Pj2IR7u8hmUEDOwB++su6baaRi+QvsgajuFB9j95foM1N2gy5HM4z60hfusIO0fBPG5uLAEl6yCJr1jNSVugEQ==}
    dev: false

  /autoprefixer/10.4.0_postcss@8.4.5:
    resolution: {integrity: sha512-7FdJ1ONtwzV1G43GDD0kpVMn/qbiNqyOPMFTX5nRffI+7vgWoFEc6DcXOxHJxrWNDXrZh18eDsZjvZGUljSRGA==}
    engines: {node: ^10 || ^12 || >=14}
    hasBin: true
    peerDependencies:
      postcss: ^8.1.0
    dependencies:
      browserslist: 4.19.3
      caniuse-lite: 1.0.30001312
      fraction.js: 4.1.3
      normalize-range: 0.1.2
      picocolors: 1.0.0
      postcss: 8.4.5
      postcss-value-parser: 4.2.0
    dev: true

  /axios/0.24.0:
    resolution: {integrity: sha512-Q6cWsys88HoPgAaFAVUb0WpPk0O8iTeisR9IMqy9G8AbO4NlpVknrnQS03zzF9PGAWgO3cgletO3VjV/P7VztA==}
    dependencies:
      follow-redirects: 1.14.9
    transitivePeerDependencies:
      - debug
    dev: false

  /big.js/5.2.2:
    resolution: {integrity: sha512-vyL2OymJxmarO8gxMr0mhChsO9QGwhynfuu4+MHTAW6czfq9humCB7rKpUjDd9YUiDPU4mzpyupFSvOClAwbmQ==}

  /binary-extensions/2.2.0:
    resolution: {integrity: sha512-jDctJ/IVQbZoJykoeHbhXpOlNBqGNcwXJKJog42E5HDPUwQTSdjCHdihjj0DlnheQ7blbT6dHOafNAiS8ooQKA==}
    engines: {node: '>=8'}
    dev: true

  /braces/3.0.2:
    resolution: {integrity: sha512-b8um+L1RzM3WDSzvhm6gIz1yfTbBt6YTlcEKAvsmqCZZFw46z626lVj9j1yEPW33H5H+lBQpZMP1k8l+78Ha0A==}
    engines: {node: '>=8'}
    dependencies:
      fill-range: 7.0.1
    dev: true

  /browserslist/4.19.3:
    resolution: {integrity: sha512-XK3X4xtKJ+Txj8G5c30B4gsm71s69lqXlkYui4s6EkKxuv49qjYlY6oVd+IFJ73d4YymtM3+djvvt/R/iJwwDg==}
    engines: {node: ^6 || ^7 || ^8 || ^9 || ^10 || ^11 || ^12 || >=13.7}
    hasBin: true
    dependencies:
      caniuse-lite: 1.0.30001312
      electron-to-chromium: 1.4.75
      escalade: 3.1.1
      node-releases: 2.0.2
      picocolors: 1.0.0
    dev: true

  /caniuse-lite/1.0.30001312:
    resolution: {integrity: sha512-Wiz1Psk2MEK0pX3rUzWaunLTZzqS2JYZFzNKqAiJGiuxIjRPLgV6+VDPOg6lQOUxmDwhTlh198JsTTi8Hzw6aQ==}
    dev: true

  /chalk/1.1.3:
    resolution: {integrity: sha1-qBFcVeSnAv5NFQq9OHKCKn4J/Jg=}
    engines: {node: '>=0.10.0'}
    dependencies:
      ansi-styles: 2.2.1
      escape-string-regexp: 1.0.5
      has-ansi: 2.0.0
      strip-ansi: 3.0.1
      supports-color: 2.0.0
    dev: true

  /chokidar/3.5.3:
    resolution: {integrity: sha512-Dr3sfKRP6oTcjf2JmUmFJfeVMvXBdegxB0iVQ5eb2V10uFJUCAS8OByZdVAyVb8xXNz3GjjTgj9kLWsZTqE6kw==}
    engines: {node: '>= 8.10.0'}
    dependencies:
      anymatch: 3.1.2
      braces: 3.0.2
      glob-parent: 5.1.2
      is-binary-path: 2.1.0
      is-glob: 4.0.3
      normalize-path: 3.0.0
      readdirp: 3.6.0
    optionalDependencies:
      fsevents: 2.3.2
    dev: true

  /classnames/2.3.1:
    resolution: {integrity: sha512-OlQdbZ7gLfGarSqxesMesDa5uz7KFbID8Kpq/SxIoNGDqY8lSYs0D+hhtBXhcdB3rcbXArFr7vlHheLk1voeNA==}
    dev: false

  /compute-scroll-into-view/1.0.17:
    resolution: {integrity: sha512-j4dx+Fb0URmzbwwMUrhqWM2BEWHdFGx+qZ9qqASHRPqvTYdqvWnHg0H1hIbcyLnvgnoNAVMlwkepyqM3DaIFUg==}
    dev: false

  /convert-source-map/1.7.0:
    resolution: {integrity: sha512-4FJkXzKXEDB1snCFZlLP4gpC3JILicCpGbzG9f9G7tGqGCzETQ2hWPrcinA9oU4wtf2biUaEH5065UnMeR33oA==}
    dependencies:
      safe-buffer: 5.1.2

  /copy-anything/2.0.6:
    resolution: {integrity: sha512-1j20GZTsvKNkc4BY3NpMOM8tt///wY3FpIzozTOFO2ffuZcV61nojHXVKIy3WM+7ADCy5FVhdZYHYDdgTU0yJw==}
    dependencies:
      is-what: 3.14.1
    dev: true

  /copy-to-clipboard/3.3.1:
    resolution: {integrity: sha512-i13qo6kIHTTpCm8/Wup+0b1mVWETvu2kIMzKoK8FpkLkFxlt0znUAHcMzox+T8sPlqtZXq3CulEjQHsYiGFJUw==}
    dependencies:
      toggle-selection: 1.0.6
    dev: false

  /csstype/3.0.10:
    resolution: {integrity: sha512-2u44ZG2OcNUO9HDp/Jl8C07x6pU/eTR3ncV91SiK3dhG9TWvRVsCoJw14Ckx5DgWkzGA3waZWO3d7pgqpUI/XA==}
    dev: true

  /date-fns/2.28.0:
    resolution: {integrity: sha512-8d35hViGYx/QH0icHYCeLmsLmMUheMmTyV9Fcm6gvNwdw31yXXH+O85sOBJ+OLnLQMKZowvpKb6FgMIQjcpvQw==}
    engines: {node: '>=0.11'}
    dev: false

  /dayjs/1.10.8:
    resolution: {integrity: sha512-wbNwDfBHHur9UOzNUjeKUOJ0fCb0a52Wx0xInmQ7Y8FstyajiV1NmK1e00cxsr9YrE9r7yAChE0VvpuY5Rnlow==}
    dev: false

  /debug/3.2.7:
    resolution: {integrity: sha512-CFjzYYAi4ThfiQvizrFQevTTXHtnCqWfe7x1AhgEscTz6ZbLbfoLRLPugTQyBth6f8ZERVUSyWHFD/7Wu4t1XQ==}
    dependencies:
      ms: 2.1.3
    dev: true
    optional: true

  /dom-align/1.12.2:
    resolution: {integrity: sha512-pHuazgqrsTFrGU2WLDdXxCFabkdQDx72ddkraZNih1KsMcN5qsRSTR9O4VJRlwTPCPb5COYg3LOfiMHHcPInHg==}
    dev: false

  /electron-to-chromium/1.4.75:
    resolution: {integrity: sha512-LxgUNeu3BVU7sXaKjUDD9xivocQLxFtq6wgERrutdY/yIOps3ODOZExK1jg8DTEg4U8TUCb5MLGeWFOYuxjF3Q==}
    dev: true

  /emojis-list/2.1.0:
    resolution: {integrity: sha1-TapNnbAPmBmIDHn6RXrlsJof04k=}
    engines: {node: '>= 0.10'}

  /errno/0.1.8:
    resolution: {integrity: sha512-dJ6oBr5SQ1VSd9qkk7ByRgb/1SH4JZjCHSW/mr63/QcXO9zLVxvJ6Oy13nio03rxpSnVDDjFor75SjVeZWPW/A==}
    hasBin: true
    requiresBuild: true
    dependencies:
      prr: 1.0.1
    dev: true
    optional: true

  /escalade/3.1.1:
    resolution: {integrity: sha512-k0er2gUkLf8O0zKJiAhmkTnJlTvINGv7ygDNPbeIsX/TJjGJZHuh9B2UxbsaEkmlEo9MfhrSzmhIlhRlI2GXnw==}
    engines: {node: '>=6'}
    dev: true

  /escape-string-regexp/1.0.5:
    resolution: {integrity: sha1-G2HAViGQqN/2rjuyzwIAyhMLhtQ=}
    engines: {node: '>=0.8.0'}
    dev: true

  /fill-range/7.0.1:
    resolution: {integrity: sha512-qOo9F+dMUmC2Lcb4BbVvnKJxTPjCm+RRpe4gDuGrzkL7mEVl/djYSu2OdQ2Pa302N4oqkSg9ir6jaLWJ2USVpQ==}
    engines: {node: '>=8'}
    dependencies:
      to-regex-range: 5.0.1
    dev: true

  /follow-redirects/1.14.9:
    resolution: {integrity: sha512-MQDfihBQYMcyy5dhRDJUHcw7lb2Pv/TuE6xP1vyraLukNDHKbDxDNaOE3NbCAdKQApno+GPRyo1YAp89yCjK4w==}
    engines: {node: '>=4.0'}
    peerDependencies:
      debug: '*'
    peerDependenciesMeta:
      debug:
        optional: true
    dev: false

  /fraction.js/4.1.3:
    resolution: {integrity: sha512-pUHWWt6vHzZZiQJcM6S/0PXfS+g6FM4BF5rj9wZyreivhQPdsh5PpE25VtSNxq80wHS5RfY51Ii+8Z0Zl/pmzg==}
    dev: true

  /fsevents/2.3.2:
    resolution: {integrity: sha512-xiqMQR4xAeHTuB9uWm+fFRcIOgKBMiOBP+eXiyT7jsgVCq1bkVygt00oASowB7EdtpOHaaPgKt812P9ab+DDKA==}
    engines: {node: ^8.16.0 || ^10.6.0 || >=11.0.0}
    os: [darwin]
    requiresBuild: true
    dev: true
    optional: true

  /glob-parent/5.1.2:
    resolution: {integrity: sha512-AOIgSQCepiJYwP3ARnGx+5VnTu2HBYdzbGP45eLw1vr3zB3vZLeyed1sC9hnbcOc9/SrMyM5RPQrkGz4aS9Zow==}
    engines: {node: '>= 6'}
    dependencies:
      is-glob: 4.0.3
    dev: true

  /graceful-fs/4.2.9:
    resolution: {integrity: sha512-NtNxqUcXgpW2iMrfqSfR73Glt39K+BLwWsPs94yR63v45T0Wbej7eRmL5cWfwEgqXnmjQp3zaJTshdRW/qC2ZQ==}
    requiresBuild: true
    dev: true
    optional: true

  /has-ansi/2.0.0:
    resolution: {integrity: sha1-NPUEnOHs3ysGSa8+8k5F7TVBbZE=}
    engines: {node: '>=0.10.0'}
    dependencies:
      ansi-regex: 2.1.1
    dev: true

  /has-flag/1.0.0:
    resolution: {integrity: sha1-nZ55MWXOAXoA8AQYxD+UKnsdEfo=}
    engines: {node: '>=0.10.0'}
    dev: true

  /history/5.3.0:
    resolution: {integrity: sha512-ZqaKwjjrAYUYfLG+htGaIIZ4nioX2L70ZUMIFysS3xvBsSG4x/n1V6TXV3N8ZYNuFGlDirFg32T7B6WOUPDYcQ==}
    dependencies:
      '@babel/runtime': 7.17.2
    dev: false

  /iconv-lite/0.4.24:
    resolution: {integrity: sha512-v3MXnZAcvnywkTUEZomIActle7RXXeedOR31wwl7VlyoXO4Qi9arvSenNQWne1TcRwhCL1HwLI21bEqdpj8/rA==}
    engines: {node: '>=0.10.0'}
    dependencies:
      safer-buffer: 2.1.2
    dev: true
    optional: true

  /image-size/0.5.5:
    resolution: {integrity: sha1-Cd/Uq50g4p6xw+gLiZA3jfnjy5w=}
    engines: {node: '>=0.10.0'}
    hasBin: true
    requiresBuild: true
    dev: true
    optional: true

  /immutable/4.0.0:
    resolution: {integrity: sha512-zIE9hX70qew5qTUjSS7wi1iwj/l7+m54KWU247nhM3v806UdGj1yDndXj+IOYxxtW9zyLI+xqFNZjTuDaLUqFw==}
    dev: true

  /is-binary-path/2.1.0:
    resolution: {integrity: sha512-ZMERYes6pDydyuGidse7OsHxtbI7WVeUEozgR/g7rd0xUimYNlvZRE/K2MgZTjWy725IfelLeVcEM97mmtRGXw==}
    engines: {node: '>=8'}
    dependencies:
      binary-extensions: 2.2.0
    dev: true

  /is-extglob/2.1.1:
    resolution: {integrity: sha1-qIwCU1eR8C7TfHahueqXc8gz+MI=}
    engines: {node: '>=0.10.0'}
    dev: true

  /is-glob/4.0.3:
    resolution: {integrity: sha512-xelSayHH36ZgE7ZWhli7pW34hNbNl8Ojv5KVmkJD4hBdD3th8Tfk9vYasLM+mXWOZhFkgZfxhLSnrwRr4elSSg==}
    engines: {node: '>=0.10.0'}
    dependencies:
      is-extglob: 2.1.1
    dev: true

  /is-number/7.0.0:
    resolution: {integrity: sha512-41Cifkg6e8TylSpdtTpeLVMqvSBEVzTttHvERD741+pnZ8ANv0004MRL43QKPDlK9cGvNp6NZWZUBlbGXYxxng==}
    engines: {node: '>=0.12.0'}
    dev: true

  /is-what/3.14.1:
    resolution: {integrity: sha512-sNxgpk9793nzSs7bA6JQJGeIuRBQhAaNGG77kzYQgMkrID+lS6SlK07K5LaptscDlSaIgH+GPFzf+d75FVxozA==}
    dev: true

  /js-base64/2.6.4:
    resolution: {integrity: sha512-pZe//GGmwJndub7ZghVHz7vjb2LgC1m8B07Au3eYqeqv9emhESByMXxaEgkUkEqJe87oBbSniGYoQNIBklc7IQ==}
    dev: true

  /js-tokens/4.0.0:
    resolution: {integrity: sha512-RdJUflcE3cUzKiMqQgsCu06FPu9UdIJO0beYbPhHN4k6apgJtifcoCtT9bcxOpYBtpD2kCM6Sbzg4CausW/PKQ==}
    dev: false

  /json2mq/0.2.0:
    resolution: {integrity: sha1-tje9O6nqvhIsg+lyBIOusQ0skEo=}
    dependencies:
      string-convert: 0.2.1
    dev: false

  /json5/1.0.1:
    resolution: {integrity: sha512-aKS4WQjPenRxiQsC93MNfjx+nbF4PAdYzmd/1JIj8HYzqfbu86beTuNgXDzPknWk0n0uARlyewZo4s++ES36Ow==}
    hasBin: true
    dependencies:
      minimist: 1.2.5

  /less/4.1.2:
    resolution: {integrity: sha512-EoQp/Et7OSOVu0aJknJOtlXZsnr8XE8KwuzTHOLeVSEx8pVWUICc8Q0VYRHgzyjX78nMEyC/oztWFbgyhtNfDA==}
    engines: {node: '>=6'}
    hasBin: true
    dependencies:
      copy-anything: 2.0.6
      parse-node-version: 1.0.1
      tslib: 2.3.1
    optionalDependencies:
      errno: 0.1.8
      graceful-fs: 4.2.9
      image-size: 0.5.5
      make-dir: 2.1.0
      mime: 1.6.0
      needle: 2.9.1
      source-map: 0.6.1
    dev: true

  /loader-utils/1.2.3:
    resolution: {integrity: sha512-fkpz8ejdnEMG3s37wGL07iSBDg99O9D5yflE9RGNH3hRdx9SOwYfnGYdZOUIZitN8E+E2vkq3MUMYMvPYl5ZZA==}
    engines: {node: '>=4.0.0'}
    dependencies:
      big.js: 5.2.2
      emojis-list: 2.1.0
      json5: 1.0.1

  /lodash/4.17.21:
    resolution: {integrity: sha512-v2kDEe57lecTulaDIuNTPy3Ry4gLGJ6Z1O3vE1krgXZNrsQ+LFTGHVxVjcXPs17LhbZVGedAJv8XZ1tvj5FvSg==}
    dev: false

  /loose-envify/1.4.0:
    resolution: {integrity: sha512-lyuxPGr/Wfhrlem2CL/UcnUc1zcqKAImBDzukY7Y5F/yQiNdko6+fRLevlw1HgMySw7f611UIY408EtxRSoK3Q==}
    hasBin: true
    dependencies:
      js-tokens: 4.0.0
    dev: false

  /make-dir/2.1.0:
    resolution: {integrity: sha512-LS9X+dc8KLxXCb8dni79fLIIUA5VyZoyjSMCwTluaXA0o27cCK0bhXkpgw+sTXVpPy/lSO57ilRixqk0vDmtRA==}
    engines: {node: '>=6'}
    requiresBuild: true
    dependencies:
      pify: 4.0.1
      semver: 5.7.1
    dev: true
    optional: true

  /memoize-one/6.0.0:
    resolution: {integrity: sha512-rkpe71W0N0c0Xz6QD0eJETuWAJGnJ9afsl1srmwPrI+yBCkge5EycXXbYRyvL29zZVUWQCY7InPRCv3GDXuZNw==}
    dev: false

  /mime/1.6.0:
    resolution: {integrity: sha512-x0Vn8spI+wuJ1O6S7gnbaQg8Pxh4NNHb7KSINmEWKiPE4RKOplvijn+NkmYmmRgP68mc70j2EbeTFRsrswaQeg==}
    engines: {node: '>=4'}
    hasBin: true
    requiresBuild: true
    dev: true
    optional: true

  /minimist/1.2.5:
    resolution: {integrity: sha512-FM9nNUYrRBAELZQT3xeZQ7fmMOBg6nWNmJKTcgsJeaLstP/UODVpGsr5OhXhhXg6f+qtJ8uiZ+PUxkDWcgIXLw==}

  /mobx-react-lite/3.3.0_c8dbfbd16e4760b60a2fbc68638b8165:
    resolution: {integrity: sha512-U/kMSFtV/bNVgY01FuiGWpRkaQVHozBq5CEBZltFvPt4FcV111hEWkgwqVg9GPPZSEuEdV438PEz8mk8mKpYlA==}
    peerDependencies:
      mobx: ^6.1.0
      react: ^16.8.0 || ^17
      react-dom: '*'
      react-native: '*'
    peerDependenciesMeta:
      react-dom:
        optional: true
      react-native:
        optional: true
    dependencies:
      mobx: 6.3.9
      react: 17.0.2
      react-dom: 17.0.2_react@17.0.2
    dev: false

  /mobx-react/7.2.1_c8dbfbd16e4760b60a2fbc68638b8165:
    resolution: {integrity: sha512-LZS99KFLn75VWDXPdRJhILzVQ7qLcRjQbzkK+wVs0Qg4kWw5hOI2USp7tmu+9zP9KYsVBmKyx2k/8cTTBfsymw==}
    peerDependencies:
      mobx: ^6.1.0
      react: ^16.8.0 || ^17
      react-dom: '*'
      react-native: '*'
    peerDependenciesMeta:
      react-dom:
        optional: true
      react-native:
        optional: true
    dependencies:
      mobx: 6.3.9
      mobx-react-lite: 3.3.0_c8dbfbd16e4760b60a2fbc68638b8165
      react: 17.0.2
      react-dom: 17.0.2_react@17.0.2
    dev: false

  /mobx/6.3.9:
    resolution: {integrity: sha512-u9vhETRPgx6s+MD2NhGaOQJMJa/qszflwFxKryCXotERWY77ocdrRQUp7Jwt1urjefUXNj3fQbTnKrCV+kBaXw==}
    dev: false

  /moment/2.29.1:
    resolution: {integrity: sha512-kHmoybcPV8Sqy59DwNDY3Jefr64lK/by/da0ViFcuA4DH0vQg5Q6Ze5VimxkfQNSC+Mls/Kx53s7TjP1RhFEDQ==}
    dev: false

  /ms/2.1.3:
    resolution: {integrity: sha512-6FlzubTLZG3J2a/NVCAleEhjzq5oxgHyaCU9yYXvcLsvoVaHJq/s5xXI6/XXP6tz7R9xAOtHnSO/tXtF3WRTlA==}
    dev: true
    optional: true

  /nanoid/3.3.1:
    resolution: {integrity: sha512-n6Vs/3KGyxPQd6uO0eH4Bv0ojGSUvuLlIHtC3Y0kEO23YRge8H9x1GCzLn28YX0H66pMkxuaeESFq4tKISKwdw==}
    engines: {node: ^10 || ^12 || ^13.7 || ^14 || >=15.0.1}
    hasBin: true
    dev: true

  /needle/2.9.1:
    resolution: {integrity: sha512-6R9fqJ5Zcmf+uYaFgdIHmLwNldn5HbK8L5ybn7Uz+ylX/rnOsSp1AHcvQSrCaFN+qNM1wpymHqD7mVasEOlHGQ==}
    engines: {node: '>= 4.4.x'}
    hasBin: true
    requiresBuild: true
    dependencies:
      debug: 3.2.7
      iconv-lite: 0.4.24
      sax: 1.2.4
    dev: true
    optional: true

  /node-releases/2.0.2:
    resolution: {integrity: sha512-XxYDdcQ6eKqp/YjI+tb2C5WM2LgjnZrfYg4vgQt49EK268b6gYCHsBLrK2qvJo4FmCtqmKezb0WZFK4fkrZNsg==}
    dev: true

  /normalize-path/3.0.0:
    resolution: {integrity: sha512-6eZs5Ls3WtCisHWp9S2GUy8dqkpGi4BVSz3GaqiE6ezub0512ESztXUwUB6C6IKbQkY2Pnb/mD4WYojCRwcwLA==}
    engines: {node: '>=0.10.0'}
    dev: true

  /normalize-range/0.1.2:
    resolution: {integrity: sha1-LRDAa9/TEuqXd2laTShDlFa3WUI=}
    engines: {node: '>=0.10.0'}
    dev: true

  /object-assign/4.1.1:
    resolution: {integrity: sha1-IQmtx5ZYh8/AXLvUQsrIv7s2CGM=}
    engines: {node: '>=0.10.0'}
    dev: false

  /parse-node-version/1.0.1:
    resolution: {integrity: sha512-3YHlOa/JgH6Mnpr05jP9eDG254US9ek25LyIxZlDItp2iJtwyaXQb57lBYLdT3MowkUFYEV2XXNAYIPlESvJlA==}
    engines: {node: '>= 0.10'}
    dev: true

  /picocolors/1.0.0:
    resolution: {integrity: sha512-1fygroTLlHu66zi26VoTDv8yRgm0Fccecssto+MhsZ0D/DGW2sm8E8AjW7NU5VVTRt5GxbeZ5qBuJr+HyLYkjQ==}
    dev: true

  /picomatch/2.3.1:
    resolution: {integrity: sha512-JU3teHTNjmE2VCGFzuY8EXzCDVwEqB2a8fsIvwaStHhAWJEeVd1o1QD80CU6+ZdEXXSLbSsuLwJjkCBWqRQUVA==}
    engines: {node: '>=8.6'}
    dev: true

  /pify/4.0.1:
    resolution: {integrity: sha512-uB80kBFb/tfd68bVleG9T5GGsGPjJrLAUpR5PZIrhBnIaRTQRjqdJSsIKkOP6OAIFbj7GOrcudc5pNjZ+geV2g==}
    engines: {node: '>=6'}
    dev: true
    optional: true

  /postcss-flexboxfixer/0.0.5:
    resolution: {integrity: sha1-X69Eo1/h0FgVQpJBN1KiAXwuTGk=}
    dependencies:
      postcss: 5.2.18
    dev: true

  /postcss-value-parser/4.2.0:
    resolution: {integrity: sha512-1NNCs6uurfkVbeXG4S8JFT9t19m45ICnif8zWLd5oPSZ50QnwMfK+H3jv408d4jw/7Bttv5axS5IiHoLaVNHeQ==}
    dev: true

  /postcss/5.2.18:
    resolution: {integrity: sha512-zrUjRRe1bpXKsX1qAJNJjqZViErVuyEkMTRrwu4ud4sbTtIBRmtaYDrHmcGgmrbsW3MHfmtIf+vJumgQn+PrXg==}
    engines: {node: '>=0.12'}
    dependencies:
      chalk: 1.1.3
      js-base64: 2.6.4
      source-map: 0.5.7
      supports-color: 3.2.3
    dev: true

  /postcss/8.4.5:
    resolution: {integrity: sha512-jBDboWM8qpaqwkMwItqTQTiFikhs/67OYVvblFFTM7MrZjt6yMKd6r2kgXizEbTTljacm4NldIlZnhbjr84QYg==}
    engines: {node: ^10 || ^12 || >=14}
    dependencies:
      nanoid: 3.3.1
      picocolors: 1.0.0
      source-map-js: 1.0.2
    dev: true

  /prop-types/15.8.1:
    resolution: {integrity: sha512-oj87CgZICdulUohogVAR7AjlC0327U4el4L6eAvOqCeudMDVU0NThNaV+b9Df4dXgSP1gXMTnPdhfe/2qDH5cg==}
    dependencies:
      loose-envify: 1.4.0
      object-assign: 4.1.1
      react-is: 16.13.1
    dev: false

  /prr/1.0.1:
    resolution: {integrity: sha1-0/wRS6BplaRexok/SEzrHXj19HY=}
    dev: true
    optional: true

  /rc-align/4.0.11_react-dom@17.0.2+react@17.0.2:
    resolution: {integrity: sha512-n9mQfIYQbbNTbefyQnRHZPWuTEwG1rY4a9yKlIWHSTbgwI+XUMGRYd0uJ5pE2UbrNX0WvnMBA1zJ3Lrecpra/A==}
    peerDependencies:
      react: '>=16.9.0'
      react-dom: '>=16.9.0'
    dependencies:
      '@babel/runtime': 7.17.2
      classnames: 2.3.1
      dom-align: 1.12.2
      lodash: 4.17.21
      rc-util: 5.18.1_react-dom@17.0.2+react@17.0.2
      react: 17.0.2
      react-dom: 17.0.2_react@17.0.2
      resize-observer-polyfill: 1.5.1
    dev: false

  /rc-cascader/2.3.3_react-dom@17.0.2+react@17.0.2:
    resolution: {integrity: sha512-ckD8rKJjS8mdXxylWh1PtIHSFhbj/yf1NimyooqeJlvtLhzRZXIHCj4IuOjwYZ6J1DqoOCCdJfVtc7UeZia38w==}
    peerDependencies:
      react: '>=16.9.0'
      react-dom: '>=16.9.0'
    dependencies:
      '@babel/runtime': 7.17.2
      array-tree-filter: 2.1.0
      classnames: 2.3.1
      rc-tree-select: 4.8.0_react-dom@17.0.2+react@17.0.2
      rc-trigger: 5.2.10_react-dom@17.0.2+react@17.0.2
      rc-util: 5.18.1_react-dom@17.0.2+react@17.0.2
      react: 17.0.2
      react-dom: 17.0.2_react@17.0.2
      warning: 4.0.3
    dev: false

  /rc-checkbox/2.3.2_react-dom@17.0.2+react@17.0.2:
    resolution: {integrity: sha512-afVi1FYiGv1U0JlpNH/UaEXdh6WUJjcWokj/nUN2TgG80bfG+MDdbfHKlLcNNba94mbjy2/SXJ1HDgrOkXGAjg==}
    peerDependencies:
      react: '>=16.9.0'
      react-dom: '>=16.9.0'
    dependencies:
      '@babel/runtime': 7.17.2
      classnames: 2.3.1
      react: 17.0.2
      react-dom: 17.0.2_react@17.0.2
    dev: false

  /rc-collapse/3.1.2_react-dom@17.0.2+react@17.0.2:
    resolution: {integrity: sha512-HujcKq7mghk/gVKeI6EjzTbb8e19XUZpakrYazu1MblEZ3Hu3WBMSN4A3QmvbF6n1g7x6lUlZvsHZ5shABWYOQ==}
    peerDependencies:
      react: '>=16.9.0'
      react-dom: '>=16.9.0'
    dependencies:
      '@babel/runtime': 7.17.2
      classnames: 2.3.1
      rc-motion: 2.4.5_react-dom@17.0.2+react@17.0.2
      rc-util: 5.18.1_react-dom@17.0.2+react@17.0.2
      react: 17.0.2
      react-dom: 17.0.2_react@17.0.2
      shallowequal: 1.1.0
    dev: false

  /rc-dialog/8.6.0_react-dom@17.0.2+react@17.0.2:
    resolution: {integrity: sha512-GSbkfqjqxpZC5/zc+8H332+q5l/DKUhpQr0vdX2uDsxo5K0PhvaMEVjyoJUTkZ3+JstEADQji1PVLVb/2bJeOQ==}
    peerDependencies:
      react: '>=16.9.0'
      react-dom: '>=16.9.0'
    dependencies:
      '@babel/runtime': 7.17.2
      classnames: 2.3.1
      rc-motion: 2.4.5_react-dom@17.0.2+react@17.0.2
      rc-util: 5.18.1_react-dom@17.0.2+react@17.0.2
      react: 17.0.2
      react-dom: 17.0.2_react@17.0.2
    dev: false

  /rc-drawer/4.4.3_react-dom@17.0.2+react@17.0.2:
    resolution: {integrity: sha512-FYztwRs3uXnFOIf1hLvFxIQP9MiZJA+0w+Os8dfDh/90X7z/HqP/Yg+noLCIeHEbKln1Tqelv8ymCAN24zPcfQ==}
    peerDependencies:
      react: '>=16.9.0'
      react-dom: '>=16.9.0'
    dependencies:
      '@babel/runtime': 7.17.2
      classnames: 2.3.1
      rc-util: 5.18.1_react-dom@17.0.2+react@17.0.2
      react: 17.0.2
      react-dom: 17.0.2_react@17.0.2
    dev: false

  /rc-dropdown/3.2.5_react-dom@17.0.2+react@17.0.2:
    resolution: {integrity: sha512-dVO2eulOSbEf+F4OyhCY5iGiMVhUYY/qeXxL7Ex2jDBt/xc89jU07mNoowV6aWxwVOc70pxEINff0oM2ogjluA==}
    peerDependencies:
      react: '*'
      react-dom: '*'
    dependencies:
      '@babel/runtime': 7.17.2
      classnames: 2.3.1
      rc-trigger: 5.2.10_react-dom@17.0.2+react@17.0.2
      react: 17.0.2
      react-dom: 17.0.2_react@17.0.2
    dev: false

  /rc-field-form/1.21.2_react-dom@17.0.2+react@17.0.2:
    resolution: {integrity: sha512-LR/bURt/Tf5g39mb0wtMtQuWn42d/7kEzpzlC5fNC7yaRVmLTtlPP4sBBlaViETM9uZQKLoaB0Pt9Mubhm9gow==}
    engines: {node: '>=8.x'}
    peerDependencies:
      react: '>= 16.9.0'
      react-dom: '>= 16.9.0'
    dependencies:
      '@babel/runtime': 7.17.2
      async-validator: 4.0.7
      rc-util: 5.18.1_react-dom@17.0.2+react@17.0.2
      react: 17.0.2
      react-dom: 17.0.2_react@17.0.2
    dev: false

  /rc-image/5.2.5_react-dom@17.0.2+react@17.0.2:
    resolution: {integrity: sha512-qUfZjYIODxO0c8a8P5GeuclYXZjzW4hV/5hyo27XqSFo1DmTCs2HkVeQObkcIk5kNsJtgsj1KoPThVsSc/PXOw==}
    peerDependencies:
      react: '>=16.9.0'
      react-dom: '>=16.9.0'
    dependencies:
      '@babel/runtime': 7.17.2
      classnames: 2.3.1
      rc-dialog: 8.6.0_react-dom@17.0.2+react@17.0.2
      rc-util: 5.18.1_react-dom@17.0.2+react@17.0.2
      react: 17.0.2
      react-dom: 17.0.2_react@17.0.2
    dev: false

  /rc-input-number/7.3.4_react-dom@17.0.2+react@17.0.2:
    resolution: {integrity: sha512-W9uqSzuvJUnz8H8vsVY4kx+yK51SsAxNTwr8SNH4G3XqQNocLVmKIibKFRjocnYX1RDHMND9FFbgj2h7E7nvGA==}
    peerDependencies:
      react: '>=16.9.0'
      react-dom: '>=16.9.0'
    dependencies:
      '@babel/runtime': 7.17.2
      classnames: 2.3.1
      rc-util: 5.18.1_react-dom@17.0.2+react@17.0.2
      react: 17.0.2
      react-dom: 17.0.2_react@17.0.2
    dev: false

  /rc-mentions/1.6.2_react-dom@17.0.2+react@17.0.2:
    resolution: {integrity: sha512-cntfJkNMq8B910rXuvnsnOV88DfmoUidnQnSIeXzWiYiUX4RL5oWUfSZzs+HAXYRU4SL1l8Mwjx95wHETiZ/fQ==}
    peerDependencies:
      react: '>=16.9.0'
      react-dom: '>=16.9.0'
    dependencies:
      '@babel/runtime': 7.17.2
      classnames: 2.3.1
      rc-menu: 9.0.14_react-dom@17.0.2+react@17.0.2
      rc-textarea: 0.3.7_react-dom@17.0.2+react@17.0.2
      rc-trigger: 5.2.10_react-dom@17.0.2+react@17.0.2
      rc-util: 5.18.1_react-dom@17.0.2+react@17.0.2
      react: 17.0.2
      react-dom: 17.0.2_react@17.0.2
    dev: false

  /rc-menu/9.0.14_react-dom@17.0.2+react@17.0.2:
    resolution: {integrity: sha512-CIox5mZeLDAi32SlHrV7UeSjv7tmJJhwRyxQtZCKt351w3q59XlL4WMFOmtT9gwIfP9h0XoxdBZUMe/xzkp78A==}
    peerDependencies:
      react: '>=16.9.0'
      react-dom: '>=16.9.0'
    dependencies:
      '@babel/runtime': 7.17.2
      classnames: 2.3.1
      rc-motion: 2.4.5_react-dom@17.0.2+react@17.0.2
      rc-overflow: 1.2.3_react-dom@17.0.2+react@17.0.2
      rc-trigger: 5.2.10_react-dom@17.0.2+react@17.0.2
      rc-util: 5.18.1_react-dom@17.0.2+react@17.0.2
      react: 17.0.2
      react-dom: 17.0.2_react@17.0.2
      shallowequal: 1.1.0
    dev: false

  /rc-motion/2.4.5_react-dom@17.0.2+react@17.0.2:
    resolution: {integrity: sha512-f3uJHR4gcpeZS/s8/nYFSOrXt2Wu/h9GrEcbJmC0qmKrVNgwL1pTgrT5kW7lgG6PFeoL4yHDmpQoEKkrPtKIzQ==}
    peerDependencies:
      react: '>=16.9.0'
      react-dom: '>=16.9.0'
    dependencies:
      '@babel/runtime': 7.17.2
      classnames: 2.3.1
      rc-util: 5.18.1_react-dom@17.0.2+react@17.0.2
      react: 17.0.2
      react-dom: 17.0.2_react@17.0.2
    dev: false

  /rc-notification/4.5.7_react-dom@17.0.2+react@17.0.2:
    resolution: {integrity: sha512-zhTGUjBIItbx96SiRu3KVURcLOydLUHZCPpYEn1zvh+re//Tnq/wSxN4FKgp38n4HOgHSVxcLEeSxBMTeBBDdw==}
    engines: {node: '>=8.x'}
    peerDependencies:
      react: '>=16.9.0'
      react-dom: '>=16.9.0'
    dependencies:
      '@babel/runtime': 7.17.2
      classnames: 2.3.1
      rc-motion: 2.4.5_react-dom@17.0.2+react@17.0.2
      rc-util: 5.18.1_react-dom@17.0.2+react@17.0.2
      react: 17.0.2
      react-dom: 17.0.2_react@17.0.2
    dev: false

  /rc-overflow/1.2.3_react-dom@17.0.2+react@17.0.2:
    resolution: {integrity: sha512-Bz6dXTn/ww8nmu70tUQfRV0wT3BkfXY6j1lB1O38OVkDPz4xwfAcGK+LJ2zewUR5cTXkJ8hAN7YULohG8z4M7Q==}
    peerDependencies:
      react: '>=16.9.0'
      react-dom: '>=16.9.0'
    dependencies:
      '@babel/runtime': 7.17.2
      classnames: 2.3.1
      rc-resize-observer: 1.2.0_react-dom@17.0.2+react@17.0.2
      rc-util: 5.18.1_react-dom@17.0.2+react@17.0.2
      react: 17.0.2
      react-dom: 17.0.2_react@17.0.2
    dev: false

  /rc-pagination/3.1.15_react-dom@17.0.2+react@17.0.2:
    resolution: {integrity: sha512-4L3fot8g4E+PjWEgoVGX0noFCg+8ZFZmeLH4vsnZpB3O2T2zThtakjNxG+YvSaYtyMVT4B+GLayjKrKbXQpdAg==}
    peerDependencies:
      react: '>=16.9.0'
      react-dom: '>=16.9.0'
    dependencies:
      '@babel/runtime': 7.17.2
      classnames: 2.3.1
      react: 17.0.2
      react-dom: 17.0.2_react@17.0.2
    dev: false

  /rc-picker/2.5.19_react-dom@17.0.2+react@17.0.2:
    resolution: {integrity: sha512-u6myoCu/qiQ0vLbNzSzNrzTQhs7mldArCpPHrEI6OUiifs+IPXmbesqSm0zilJjfzrZJLgYeyyOMSznSlh0GKA==}
    engines: {node: '>=8.x'}
    peerDependencies:
      react: '>=16.9.0'
      react-dom: '>=16.9.0'
    dependencies:
      '@babel/runtime': 7.17.2
      classnames: 2.3.1
      date-fns: 2.28.0
      dayjs: 1.10.8
      moment: 2.29.1
      rc-trigger: 5.2.10_react-dom@17.0.2+react@17.0.2
      rc-util: 5.18.1_react-dom@17.0.2+react@17.0.2
      react: 17.0.2
      react-dom: 17.0.2_react@17.0.2
      shallowequal: 1.1.0
    dev: false

  /rc-progress/3.1.4_react-dom@17.0.2+react@17.0.2:
    resolution: {integrity: sha512-XBAif08eunHssGeIdxMXOmRQRULdHaDdIFENQ578CMb4dyewahmmfJRyab+hw4KH4XssEzzYOkAInTLS7JJG+Q==}
    peerDependencies:
      react: '>=16.9.0'
      react-dom: '>=16.9.0'
    dependencies:
      '@babel/runtime': 7.17.2
      classnames: 2.3.1
      react: 17.0.2
      react-dom: 17.0.2_react@17.0.2
    dev: false

  /rc-rate/2.9.1_react-dom@17.0.2+react@17.0.2:
    resolution: {integrity: sha512-MmIU7FT8W4LYRRHJD1sgG366qKtSaKb67D0/vVvJYR0lrCuRrCiVQ5qhfT5ghVO4wuVIORGpZs7ZKaYu+KMUzA==}
    engines: {node: '>=8.x'}
    peerDependencies:
      react: '>=16.9.0'
      react-dom: '>=16.9.0'
    dependencies:
      '@babel/runtime': 7.17.2
      classnames: 2.3.1
      rc-util: 5.18.1_react-dom@17.0.2+react@17.0.2
      react: 17.0.2
      react-dom: 17.0.2_react@17.0.2
    dev: false

  /rc-resize-observer/1.2.0_react-dom@17.0.2+react@17.0.2:
    resolution: {integrity: sha512-6W+UzT3PyDM0wVCEHfoW3qTHPTvbdSgiA43buiy8PzmeMnfgnDeb9NjdimMXMl3/TcrvvWl5RRVdp+NqcR47pQ==}
    peerDependencies:
      react: '>=16.9.0'
      react-dom: '>=16.9.0'
    dependencies:
      '@babel/runtime': 7.17.2
      classnames: 2.3.1
      rc-util: 5.18.1_react-dom@17.0.2+react@17.0.2
      react: 17.0.2
      react-dom: 17.0.2_react@17.0.2
      resize-observer-polyfill: 1.5.1
    dev: false

  /rc-select/13.2.1_react-dom@17.0.2+react@17.0.2:
    resolution: {integrity: sha512-L2cJFAjVEeDiNVa/dlOVKE79OUb0J7sUBvWN3Viav3XHcjvv9Ovn4D8J9QhBSlDXeGuczZ81CZI3BbdHD25+Gg==}
    engines: {node: '>=8.x'}
    peerDependencies:
      react: '*'
      react-dom: '*'
    dependencies:
      '@babel/runtime': 7.17.2
      classnames: 2.3.1
      rc-motion: 2.4.5_react-dom@17.0.2+react@17.0.2
      rc-overflow: 1.2.3_react-dom@17.0.2+react@17.0.2
      rc-trigger: 5.2.10_react-dom@17.0.2+react@17.0.2
      rc-util: 5.18.1_react-dom@17.0.2+react@17.0.2
      rc-virtual-list: 3.4.2_react-dom@17.0.2+react@17.0.2
      react: 17.0.2
      react-dom: 17.0.2_react@17.0.2
    dev: false

  /rc-slider/9.7.5_react-dom@17.0.2+react@17.0.2:
    resolution: {integrity: sha512-LV/MWcXFjco1epPbdw1JlLXlTgmWpB9/Y/P2yinf8Pg3wElHxA9uajN21lJiWtZjf5SCUekfSP6QMJfDo4t1hg==}
    engines: {node: '>=8.x'}
    peerDependencies:
      react: '>=16.9.0'
      react-dom: '>=16.9.0'
    dependencies:
      '@babel/runtime': 7.17.2
      classnames: 2.3.1
      rc-tooltip: 5.1.1_react-dom@17.0.2+react@17.0.2
      rc-util: 5.18.1_react-dom@17.0.2+react@17.0.2
      react: 17.0.2
      react-dom: 17.0.2_react@17.0.2
      shallowequal: 1.1.0
    dev: false

  /rc-steps/4.1.4_react-dom@17.0.2+react@17.0.2:
    resolution: {integrity: sha512-qoCqKZWSpkh/b03ASGx1WhpKnuZcRWmvuW+ZUu4mvMdfvFzVxblTwUM+9aBd0mlEUFmt6GW8FXhMpHkK3Uzp3w==}
    engines: {node: '>=8.x'}
    peerDependencies:
      react: '>=16.9.0'
      react-dom: '>=16.9.0'
    dependencies:
      '@babel/runtime': 7.17.2
      classnames: 2.3.1
      rc-util: 5.18.1_react-dom@17.0.2+react@17.0.2
      react: 17.0.2
      react-dom: 17.0.2_react@17.0.2
    dev: false

  /rc-switch/3.2.2_react-dom@17.0.2+react@17.0.2:
    resolution: {integrity: sha512-+gUJClsZZzvAHGy1vZfnwySxj+MjLlGRyXKXScrtCTcmiYNPzxDFOxdQ/3pK1Kt/0POvwJ/6ALOR8gwdXGhs+A==}
    peerDependencies:
      react: '>=16.9.0'
      react-dom: '>=16.9.0'
    dependencies:
      '@babel/runtime': 7.17.2
      classnames: 2.3.1
      rc-util: 5.18.1_react-dom@17.0.2+react@17.0.2
      react: 17.0.2
      react-dom: 17.0.2_react@17.0.2
    dev: false

  /rc-table/7.19.2_react-dom@17.0.2+react@17.0.2:
    resolution: {integrity: sha512-NdpnoM50MK02H5/hGOsObfxCvGFUG5cHB9turE5BKJ81T5Ycbq193w5tLhnpILXe//Oanzr47MdMxkUnVGP+qg==}
    engines: {node: '>=8.x'}
    peerDependencies:
      react: '>=16.9.0'
      react-dom: '>=16.9.0'
    dependencies:
      '@babel/runtime': 7.17.2
      classnames: 2.3.1
      rc-resize-observer: 1.2.0_react-dom@17.0.2+react@17.0.2
      rc-util: 5.18.1_react-dom@17.0.2+react@17.0.2
      react: 17.0.2
      react-dom: 17.0.2_react@17.0.2
      shallowequal: 1.1.0
    dev: false

  /rc-tabs/11.10.7_react-dom@17.0.2+react@17.0.2:
    resolution: {integrity: sha512-7IKmcU7QU3CdYnJTabeXs2DDeLiXLyALC8fvOtgyWWFXUD47G5vG+4bFO3f9+AI+rcFAPpfwapZbXxgmiRuWYQ==}
    engines: {node: '>=8.x'}
    peerDependencies:
      react: '>=16.9.0'
      react-dom: '>=16.9.0'
    dependencies:
      '@babel/runtime': 7.17.2
      classnames: 2.3.1
      rc-dropdown: 3.2.5_react-dom@17.0.2+react@17.0.2
      rc-menu: 9.0.14_react-dom@17.0.2+react@17.0.2
      rc-resize-observer: 1.2.0_react-dom@17.0.2+react@17.0.2
      rc-util: 5.18.1_react-dom@17.0.2+react@17.0.2
      react: 17.0.2
      react-dom: 17.0.2_react@17.0.2
    dev: false

  /rc-textarea/0.3.7_react-dom@17.0.2+react@17.0.2:
    resolution: {integrity: sha512-yCdZ6binKmAQB13hc/oehh0E/QRwoPP1pjF21aHBxlgXO3RzPF6dUu4LG2R4FZ1zx/fQd2L1faktulrXOM/2rw==}
    peerDependencies:
      react: '>=16.9.0'
      react-dom: '>=16.9.0'
    dependencies:
      '@babel/runtime': 7.17.2
      classnames: 2.3.1
      rc-resize-observer: 1.2.0_react-dom@17.0.2+react@17.0.2
      rc-util: 5.18.1_react-dom@17.0.2+react@17.0.2
      react: 17.0.2
      react-dom: 17.0.2_react@17.0.2
      shallowequal: 1.1.0
    dev: false

  /rc-tooltip/5.1.1_react-dom@17.0.2+react@17.0.2:
    resolution: {integrity: sha512-alt8eGMJulio6+4/uDm7nvV+rJq9bsfxFDCI0ljPdbuoygUscbsMYb6EQgwib/uqsXQUvzk+S7A59uYHmEgmDA==}
    peerDependencies:
      react: '>=16.9.0'
      react-dom: '>=16.9.0'
    dependencies:
      '@babel/runtime': 7.17.2
      rc-trigger: 5.2.10_react-dom@17.0.2+react@17.0.2
      react: 17.0.2
      react-dom: 17.0.2_react@17.0.2
    dev: false

  /rc-tree-select/4.8.0_react-dom@17.0.2+react@17.0.2:
    resolution: {integrity: sha512-evuVIF7GHCGDdvISdBWl4ZYmG/8foof/RDtzCu/WFLA1tFKZD77RRC3khEsjh4WgsB0vllLe7j+ODJ7jHRcDRQ==}
    peerDependencies:
      react: '*'
      react-dom: '*'
    dependencies:
      '@babel/runtime': 7.17.2
      classnames: 2.3.1
      rc-select: 13.2.1_react-dom@17.0.2+react@17.0.2
      rc-tree: 5.3.8_react-dom@17.0.2+react@17.0.2
      rc-util: 5.18.1_react-dom@17.0.2+react@17.0.2
      react: 17.0.2
      react-dom: 17.0.2_react@17.0.2
    dev: false

  /rc-tree/5.3.8_react-dom@17.0.2+react@17.0.2:
    resolution: {integrity: sha512-YuobEryPymqPmHFUOvsoOrYdm24psaj0CrGEUuDUQUeG/nNcTGw6FA2YmF4NsEaNBvNSJUSzwfZnFHrKa/xv0A==}
    engines: {node: '>=10.x'}
    peerDependencies:
      react: '*'
      react-dom: '*'
    dependencies:
      '@babel/runtime': 7.17.2
      classnames: 2.3.1
      rc-motion: 2.4.5_react-dom@17.0.2+react@17.0.2
      rc-util: 5.18.1_react-dom@17.0.2+react@17.0.2
      rc-virtual-list: 3.4.2_react-dom@17.0.2+react@17.0.2
      react: 17.0.2
      react-dom: 17.0.2_react@17.0.2
    dev: false

  /rc-trigger/5.2.10_react-dom@17.0.2+react@17.0.2:
    resolution: {integrity: sha512-FkUf4H9BOFDaIwu42fvRycXMAvkttph9AlbCZXssZDVzz2L+QZ0ERvfB/4nX3ZFPh1Zd+uVGr1DEDeXxq4J1TA==}
    engines: {node: '>=8.x'}
    peerDependencies:
      react: '>=16.9.0'
      react-dom: '>=16.9.0'
    dependencies:
      '@babel/runtime': 7.17.2
      classnames: 2.3.1
      rc-align: 4.0.11_react-dom@17.0.2+react@17.0.2
      rc-motion: 2.4.5_react-dom@17.0.2+react@17.0.2
      rc-util: 5.18.1_react-dom@17.0.2+react@17.0.2
      react: 17.0.2
      react-dom: 17.0.2_react@17.0.2
    dev: false

  /rc-upload/4.3.3_react-dom@17.0.2+react@17.0.2:
    resolution: {integrity: sha512-YoJ0phCRenMj1nzwalXzciKZ9/FAaCrFu84dS5pphwucTC8GUWClcDID/WWNGsLFcM97NqIboDqrV82rVRhW/w==}
    peerDependencies:
      react: '>=16.9.0'
      react-dom: '>=16.9.0'
    dependencies:
      '@babel/runtime': 7.17.2
      classnames: 2.3.1
      rc-util: 5.18.1_react-dom@17.0.2+react@17.0.2
      react: 17.0.2
      react-dom: 17.0.2_react@17.0.2
    dev: false

  /rc-util/5.18.1_react-dom@17.0.2+react@17.0.2:
    resolution: {integrity: sha512-24xaSrMZUEKh1+suDOtJWfPe9E6YrwryViZcoPO0miJTKzP4qhUlV5AAlKQ82AJilz/AOHfi3l6HoX8qa1ye8w==}
    peerDependencies:
      react: '>=16.9.0'
      react-dom: '>=16.9.0'
    dependencies:
      '@babel/runtime': 7.17.2
      react: 17.0.2
      react-dom: 17.0.2_react@17.0.2
      react-is: 16.13.1
      shallowequal: 1.1.0
    dev: false

  /rc-virtual-list/3.4.2_react-dom@17.0.2+react@17.0.2:
    resolution: {integrity: sha512-OyVrrPvvFcHvV0ssz5EDZ+7Rf5qLat/+mmujjchNw5FfbJWNDwkpQ99EcVE6+FtNRmX9wFa1LGNpZLUTvp/4GQ==}
    engines: {node: '>=8.x'}
    peerDependencies:
      react: '*'
      react-dom: '*'
    dependencies:
      classnames: 2.3.1
      rc-resize-observer: 1.2.0_react-dom@17.0.2+react@17.0.2
      rc-util: 5.18.1_react-dom@17.0.2+react@17.0.2
      react: 17.0.2
      react-dom: 17.0.2_react@17.0.2
    dev: false

  /react-dom/17.0.2_react@17.0.2:
    resolution: {integrity: sha512-s4h96KtLDUQlsENhMn1ar8t2bEa+q/YAtj8pPPdIjPDGBDIVNsrD9aXNWqspUe6AzKCIG0C1HZZLqLV7qpOBGA==}
    peerDependencies:
      react: 17.0.2
    dependencies:
      loose-envify: 1.4.0
      object-assign: 4.1.1
      react: 17.0.2
      scheduler: 0.20.2
    dev: false

  /react-is/16.13.1:
    resolution: {integrity: sha512-24e6ynE2H+OKt4kqsOvNd8kBpV65zoxbA4BVsEOB3ARVWQki/DHzaUoC5KuON/BiccDaCCTZBuOcfZs70kR8bQ==}
    dev: false

  /react-loadable/5.5.0_react@17.0.2:
    resolution: {integrity: sha512-C8Aui0ZpMd4KokxRdVAm2bQtI03k2RMRNzOB+IipV3yxFTSVICv7WoUr5L9ALB5BmKO1iHgZtWM8EvYG83otdg==}
    peerDependencies:
      react: '*'
    dependencies:
      prop-types: 15.8.1
      react: 17.0.2
    dev: false

  /react-router-dom/6.1.1_react-dom@17.0.2+react@17.0.2:
    resolution: {integrity: sha512-O3UH89DI4o+swd2q6lF4dSmpuNCxwkUXcj0zAFcVc1H+YoPE6T7uwoFMX0ws1pUvCY8lYDucFpOqCCdal6VFzg==}
    peerDependencies:
      react: '>=16.8'
      react-dom: '>=16.8'
    dependencies:
      history: 5.3.0
      react: 17.0.2
      react-dom: 17.0.2_react@17.0.2
      react-router: 6.1.1_react@17.0.2
    dev: false

  /react-router/6.1.1_react@17.0.2:
    resolution: {integrity: sha512-55o96RiDZmC0uD17DPqVmzzfdNd2Dc+EjkYvMAmHl43du/GItaTdFr5WwjTryNWPXZ+OOVQxQhwAX25UwxpHtw==}
    peerDependencies:
      react: '>=16.8'
    dependencies:
      history: 5.3.0
      react: 17.0.2
    dev: false

  /react/17.0.2:
    resolution: {integrity: sha512-gnhPt75i/dq/z3/6q/0asP78D0u592D5L1pd7M8P+dck6Fu/jJeL6iVVK23fptSUZj8Vjf++7wXA8UNclGQcbA==}
    engines: {node: '>=0.10.0'}
    dependencies:
      loose-envify: 1.4.0
      object-assign: 4.1.1
    dev: false

  /readdirp/3.6.0:
    resolution: {integrity: sha512-hOS089on8RduqdbhvQ5Z37A0ESjsqz6qnRcffsMU3495FuTdqSm+7bhJ29JvIOsBDEEnan5DPu9t3To9VRlMzA==}
    engines: {node: '>=8.10.0'}
    dependencies:
      picomatch: 2.3.1
    dev: true

  /regenerator-runtime/0.13.9:
    resolution: {integrity: sha512-p3VT+cOEgxFsRRA9X4lkI1E+k2/CtnKtU4gcxyaCUreilL/vqI6CdZ3wxVUx3UOUg+gnUOQQcRI7BmSI656MYA==}
    dev: false

  /resize-observer-polyfill/1.5.1:
    resolution: {integrity: sha512-LwZrotdHOo12nQuZlHEmtuXdqGoOD0OhaxopaNFxWzInpEgaLWoVuAMbTzixuosCx2nEG58ngzW3vxdWoxIgdg==}
    dev: false

  /safe-buffer/5.1.2:
    resolution: {integrity: sha512-Gd2UZBJDkXlY7GbJxfsE8/nvKkUEU1G38c1siN6QP6a9PT9MmHB8GnpscSmMJSoF8LOIrt8ud/wPtojys4G6+g==}

  /safer-buffer/2.1.2:
    resolution: {integrity: sha512-YZo3K82SD7Riyi0E1EQPojLz7kpepnSQI9IyPbHHg1XXXevb5dJI7tpyN2ADxGcQbHG7vcyRHk0cbwqcQriUtg==}
    dev: true
    optional: true

  /sass/1.45.0:
    resolution: {integrity: sha512-ONy5bjppoohtNkFJRqdz1gscXamMzN3wQy1YH9qO2FiNpgjLhpz/IPRGg0PpCjyz/pWfCOaNEaiEGCcjOFAjqw==}
    engines: {node: '>=8.9.0'}
    hasBin: true
    dependencies:
      chokidar: 3.5.3
      immutable: 4.0.0
      source-map-js: 1.0.2
    dev: true

  /sax/1.2.4:
    resolution: {integrity: sha512-NqVDv9TpANUjFm0N8uM5GxL36UgKi9/atZw+x7YFnQ8ckwFGKrl4xX4yWtrey3UJm5nP1kUbnYgLopqWNSRhWw==}
    dev: true
    optional: true

  /scheduler/0.20.2:
    resolution: {integrity: sha512-2eWfGgAqqWFGqtdMmcL5zCMK1U8KlXv8SQFGglL3CEtd0aDVDWgeF/YoCmvln55m5zSk3J/20hTaSBeSObsQDQ==}
    dependencies:
      loose-envify: 1.4.0
      object-assign: 4.1.1
    dev: false

  /scroll-into-view-if-needed/2.2.29:
    resolution: {integrity: sha512-hxpAR6AN+Gh53AdAimHM6C8oTN1ppwVZITihix+WqalywBeFcQ6LdQP5ABNl26nX8GTEL7VT+b8lKpdqq65wXg==}
    dependencies:
      compute-scroll-into-view: 1.0.17
    dev: false

  /semver/5.7.1:
    resolution: {integrity: sha512-sauaDf/PZdVgrLTNYHRtpXa1iRiKcaebiKQ1BJdpQlWH2lCvexQdX55snPFyK7QzpudqbCI0qXFfOasHdyNDGQ==}
    hasBin: true
    dev: true
    optional: true

  /shallowequal/1.1.0:
    resolution: {integrity: sha512-y0m1JoUZSlPAjXVtPPW70aZWfIL/dSP7AFkRnniLCrK/8MDKog3TySTBmckD+RObVxH0v4Tox67+F14PdED2oQ==}
    dev: false

  /source-map-js/1.0.2:
    resolution: {integrity: sha512-R0XvVJ9WusLiqTCEiGCmICCMplcCkIwwR11mOSD9CR5u+IXYdiseeEuXCVAjS54zqwkLcPNnmU4OeJ6tUrWhDw==}
    engines: {node: '>=0.10.0'}
    dev: true

  /source-map/0.5.7:
    resolution: {integrity: sha1-igOdLRAh0i0eoUyA2OpGi6LvP8w=}
    engines: {node: '>=0.10.0'}
    dev: true

  /source-map/0.6.1:
    resolution: {integrity: sha512-UjgapumWlbMhkBgzT7Ykc5YXUT46F0iKu8SGXq0bcwP5dz/h0Plj6enJqjz1Zbq2l5WaqYnrVbwWOWMyF3F47g==}
    engines: {node: '>=0.10.0'}
    requiresBuild: true
    dev: true
    optional: true

  /source-map/0.7.3:
    resolution: {integrity: sha512-CkCj6giN3S+n9qrYiBTX5gystlENnRW5jZeNLHpe6aue+SrHcG5VYwujhW9s4dY31mEGsxBDrHR6oI69fTXsaQ==}
    engines: {node: '>= 8'}

  /string-convert/0.2.1:
    resolution: {integrity: sha1-aYLMMEn7tM2F+LJFaLnZvznu/5c=}
    dev: false

  /string-hash/1.1.3:
    resolution: {integrity: sha1-6Kr8CsGFW0Zmkp7X3RJ1311sgRs=}

  /strip-ansi/3.0.1:
    resolution: {integrity: sha1-ajhfuIU9lS1f8F0Oiq+UJ43GPc8=}
    engines: {node: '>=0.10.0'}
    dependencies:
      ansi-regex: 2.1.1
    dev: true

  /styled-jsx/4.0.1_react@17.0.2:
    resolution: {integrity: sha512-Gcb49/dRB1k8B4hdK8vhW27Rlb2zujCk1fISrizCcToIs+55B4vmUM0N9Gi4nnVfFZWe55jRdWpAqH1ldAKWvQ==}
    engines: {node: '>= 12.0.0'}
    peerDependencies:
      '@babel/core': '*'
      react: '>= 16.8.0 || 17.x.x || 18.x.x'
    peerDependenciesMeta:
      '@babel/core':
        optional: true
    dependencies:
      '@babel/plugin-syntax-jsx': 7.14.5
      '@babel/types': 7.15.0
      convert-source-map: 1.7.0
      loader-utils: 1.2.3
      react: 17.0.2
      source-map: 0.7.3
      string-hash: 1.1.3
      stylis: 3.5.4
      stylis-rule-sheet: 0.0.10_stylis@3.5.4

  /stylis-rule-sheet/0.0.10_stylis@3.5.4:
    resolution: {integrity: sha512-nTbZoaqoBnmK+ptANthb10ZRZOGC+EmTLLUxeYIuHNkEKcmKgXX1XWKkUBT2Ac4es3NybooPe0SmvKdhKJZAuw==}
    peerDependencies:
      stylis: ^3.5.0
    dependencies:
      stylis: 3.5.4

  /stylis/3.5.4:
    resolution: {integrity: sha512-8/3pSmthWM7lsPBKv7NXkzn2Uc9W7NotcwGNpJaa3k7WMM1XDCA4MgT5k/8BIexd5ydZdboXtU90XH9Ec4Bv/Q==}

  /supports-color/2.0.0:
    resolution: {integrity: sha1-U10EXOa2Nj+kARcIRimZXp3zJMc=}
    engines: {node: '>=0.8.0'}
    dev: true

  /supports-color/3.2.3:
    resolution: {integrity: sha1-ZawFBLOVQXHYpklGsq48u4pfVPY=}
    engines: {node: '>=0.8.0'}
    dependencies:
      has-flag: 1.0.0
    dev: true

  /to-fast-properties/2.0.0:
    resolution: {integrity: sha1-3F5pjL0HkmW8c+A3doGk5Og/YW4=}
    engines: {node: '>=4'}

  /to-regex-range/5.0.1:
    resolution: {integrity: sha512-65P7iz6X5yEr1cwcgvQxbbIw7Uk3gOy5dIdtZ4rDveLqhrdJP+Li/Hx6tyK0NEb+2GCyneCMJiGqrADCSNk8sQ==}
    engines: {node: '>=8.0'}
    dependencies:
      is-number: 7.0.0
    dev: true

  /toggle-selection/1.0.6:
    resolution: {integrity: sha1-bkWxJj8gF/oKzH2J14sVuL932jI=}
    dev: false

  /tslib/2.3.1:
    resolution: {integrity: sha512-77EbyPPpMz+FRFRuAFlWMtmgUWGe9UOG2Z25NqCwiIjRhOf5iKGuzSe5P2w1laq+FkRy4p+PCuVkJSGkzTEKVw==}
    dev: true

  /typescript/4.5.4:
    resolution: {integrity: sha512-VgYs2A2QIRuGphtzFV7aQJduJ2gyfTljngLzjpfW9FoYZF6xuw1W0vW9ghCKLfcWrCFxK81CSGRAvS1pn4fIUg==}
    engines: {node: '>=4.2.0'}
    hasBin: true
    dev: true

  /warning/4.0.3:
    resolution: {integrity: sha512-rpJyN222KWIvHJ/F53XSZv0Zl/accqHR8et1kpaMTD/fLCRxtV8iX8czMzY7sVZupTI3zcUTg8eycS2kNF9l6w==}
    dependencies:
      loose-envify: 1.4.0
    dev: false
